// !$*UTF8*$!
{
	archiveVersion = 1;
	classes = {
	};
	objectVersion = 46;
	objects = {

/* Begin PBXBuildFile section */
		3D249264209772E800D0B7A7 /* filmReel.png in Resources */ = {isa = PBXBuildFile; fileRef = 3D249263209772E800D0B7A7 /* filmReel.png */; };
		3D2492662097732C00D0B7A7 /* SplashScreenViewController.swift in Sources */ = {isa = PBXBuildFile; fileRef = 3D2492652097732C00D0B7A7 /* SplashScreenViewController.swift */; };
		550B7D88D627E6DE2F755E9D /* Pods_MovieApp.framework in Frameworks */ = {isa = PBXBuildFile; fileRef = 22C7E37CF91882AA63C94C82 /* Pods_MovieApp.framework */; };
		D42C1435208D43FF006ED98C /* mySortView.swift in Sources */ = {isa = PBXBuildFile; fileRef = D42C1434208D43FF006ED98C /* mySortView.swift */; };
		D42C1437208DDBD7006ED98C /* MySortProtocol.swift in Sources */ = {isa = PBXBuildFile; fileRef = D42C1436208DDBD7006ED98C /* MySortProtocol.swift */; };
		D42F05A020889C4E005CEEE9 /* DetailOfFilm.swift in Sources */ = {isa = PBXBuildFile; fileRef = D42F059F20889C4E005CEEE9 /* DetailOfFilm.swift */; };
		D42F05AA2088DC86005CEEE9 /* play.png in Resources */ = {isa = PBXBuildFile; fileRef = D42F05A92088DC86005CEEE9 /* play.png */; };
		D42F05AE208918AF005CEEE9 /* MyTrailer.swift in Sources */ = {isa = PBXBuildFile; fileRef = D42F05AD208918AF005CEEE9 /* MyTrailer.swift */; };
		D43BDA5C2084C582003E2F9A /* video-player-7.png in Resources */ = {isa = PBXBuildFile; fileRef = D43BDA5B2084C582003E2F9A /* video-player-7.png */; };
		D43BDA5E2084C5B5003E2F9A /* heart-7.png in Resources */ = {isa = PBXBuildFile; fileRef = D43BDA5D2084C5B5003E2F9A /* heart-7.png */; };
		D43BDA602084C732003E2F9A /* film-clap-board.png in Resources */ = {isa = PBXBuildFile; fileRef = D43BDA5F2084C732003E2F9A /* film-clap-board.png */; };
		D43BDA622084C78A003E2F9A /* love.png in Resources */ = {isa = PBXBuildFile; fileRef = D43BDA612084C78A003E2F9A /* love.png */; };
		D43D9270208551AC00C30D6D /* Home.swift in Sources */ = {isa = PBXBuildFile; fileRef = D43D926F208551AC00C30D6D /* Home.swift */; };
		D43D9272208551EA00C30D6D /* Favorite.swift in Sources */ = {isa = PBXBuildFile; fileRef = D43D9271208551EA00C30D6D /* Favorite.swift */; };
		D43D92742085541C00C30D6D /* FilmData.swift in Sources */ = {isa = PBXBuildFile; fileRef = D43D92732085541C00C30D6D /* FilmData.swift */; };
		D43DE45720815F66000F86C9 /* AppDelegate.swift in Sources */ = {isa = PBXBuildFile; fileRef = D43DE45620815F66000F86C9 /* AppDelegate.swift */; };
		D43DE45C20815F67000F86C9 /* Main.storyboard in Resources */ = {isa = PBXBuildFile; fileRef = D43DE45A20815F67000F86C9 /* Main.storyboard */; };
		D43DE45F20815F68000F86C9 /* MovieApp.xcdatamodeld in Sources */ = {isa = PBXBuildFile; fileRef = D43DE45D20815F67000F86C9 /* MovieApp.xcdatamodeld */; };
		D43DE46120815F68000F86C9 /* Assets.xcassets in Resources */ = {isa = PBXBuildFile; fileRef = D43DE46020815F68000F86C9 /* Assets.xcassets */; };
		D43DE46420815F68000F86C9 /* LaunchScreen.storyboard in Resources */ = {isa = PBXBuildFile; fileRef = D43DE46220815F68000F86C9 /* LaunchScreen.storyboard */; };
		D43DE46F20815F69000F86C9 /* MovieAppTests.swift in Sources */ = {isa = PBXBuildFile; fileRef = D43DE46E20815F69000F86C9 /* MovieAppTests.swift */; };
		D43DE47A20815F6A000F86C9 /* MovieAppUITests.swift in Sources */ = {isa = PBXBuildFile; fileRef = D43DE47920815F6A000F86C9 /* MovieAppUITests.swift */; };
		D44FA3C62094AAE000972AB5 /* film.png in Resources */ = {isa = PBXBuildFile; fileRef = D44FA3C42094AAE000972AB5 /* film.png */; };
		D44FA3C72094AAE000972AB5 /* Jamespeng-Movie-Schedule.ico in Resources */ = {isa = PBXBuildFile; fileRef = D44FA3C52094AAE000972AB5 /* Jamespeng-Movie-Schedule.ico */; };
		D44FA3CB2094B20000972AB5 /* TrailerTotal.swift in Sources */ = {isa = PBXBuildFile; fileRef = D44FA3CA2094B20000972AB5 /* TrailerTotal.swift */; };
		D44FA3CD2094BBB900972AB5 /* ReviewsTotal.swift in Sources */ = {isa = PBXBuildFile; fileRef = D44FA3CC2094BBB900972AB5 /* ReviewsTotal.swift */; };
		D46CB4A42083FC6000D7E95F /* Alamofire.framework in Frameworks */ = {isa = PBXBuildFile; fileRef = D46CB4A32083FC6000D7E95F /* Alamofire.framework */; };
		D46CB4A62083FC6700D7E95F /* SDWebImage.framework in Frameworks */ = {isa = PBXBuildFile; fileRef = D46CB4A52083FC6700D7E95F /* SDWebImage.framework */; };
		D46CB4A82083FCF500D7E95F /* Foundation.framework in Frameworks */ = {isa = PBXBuildFile; fileRef = D46CB4A72083FCF500D7E95F /* Foundation.framework */; };
		D46CB4AA2083FD0700D7E95F /* ImageIO.framework in Frameworks */ = {isa = PBXBuildFile; fileRef = D46CB4A92083FD0700D7E95F /* ImageIO.framework */; };
		D46D135C208627E5008B6CE5 /* dot-more-7.png in Resources */ = {isa = PBXBuildFile; fileRef = D46D135B208627E5008B6CE5 /* dot-more-7.png */; };
		D46D13662086AF69008B6CE5 /* EmptyHeart.png in Resources */ = {isa = PBXBuildFile; fileRef = D46D13632086AF69008B6CE5 /* EmptyHeart.png */; };
		D46D13672086AF69008B6CE5 /* FillHeart.png in Resources */ = {isa = PBXBuildFile; fileRef = D46D13642086AF69008B6CE5 /* FillHeart.png */; };
		D49D71ED208B7AC4009EBBD7 /* myReview.swift in Sources */ = {isa = PBXBuildFile; fileRef = D49D71EC208B7AC4009EBBD7 /* myReview.swift */; };
/* End PBXBuildFile section */

/* Begin PBXContainerItemProxy section */
		D43DE46B20815F69000F86C9 /* PBXContainerItemProxy */ = {
			isa = PBXContainerItemProxy;
			containerPortal = D43DE44B20815F65000F86C9 /* Project object */;
			proxyType = 1;
			remoteGlobalIDString = D43DE45220815F65000F86C9;
			remoteInfo = MovieApp;
		};
		D43DE47620815F6A000F86C9 /* PBXContainerItemProxy */ = {
			isa = PBXContainerItemProxy;
			containerPortal = D43DE44B20815F65000F86C9 /* Project object */;
			proxyType = 1;
			remoteGlobalIDString = D43DE45220815F65000F86C9;
			remoteInfo = MovieApp;
		};
/* End PBXContainerItemProxy section */

/* Begin PBXFileReference section */
		22C7E37CF91882AA63C94C82 /* Pods_MovieApp.framework */ = {isa = PBXFileReference; explicitFileType = wrapper.framework; includeInIndex = 0; path = Pods_MovieApp.framework; sourceTree = BUILT_PRODUCTS_DIR; };
		3D249263209772E800D0B7A7 /* filmReel.png */ = {isa = PBXFileReference; lastKnownFileType = image.png; path = filmReel.png; sourceTree = "<group>"; };
		3D2492652097732C00D0B7A7 /* SplashScreenViewController.swift */ = {isa = PBXFileReference; fileEncoding = 4; lastKnownFileType = sourcecode.swift; path = SplashScreenViewController.swift; sourceTree = "<group>"; };
		55C1810D1FF141D6D7EDCD01 /* Pods-MovieApp.release.xcconfig */ = {isa = PBXFileReference; includeInIndex = 1; lastKnownFileType = text.xcconfig; name = "Pods-MovieApp.release.xcconfig"; path = "Pods/Target Support Files/Pods-MovieApp/Pods-MovieApp.release.xcconfig"; sourceTree = "<group>"; };
		8E1E3B95ABE2EA5B95A514D1 /* Pods-MovieApp.debug.xcconfig */ = {isa = PBXFileReference; includeInIndex = 1; lastKnownFileType = text.xcconfig; name = "Pods-MovieApp.debug.xcconfig"; path = "Pods/Target Support Files/Pods-MovieApp/Pods-MovieApp.debug.xcconfig"; sourceTree = "<group>"; };
		D42C1434208D43FF006ED98C /* mySortView.swift */ = {isa = PBXFileReference; fileEncoding = 4; lastKnownFileType = sourcecode.swift; path = mySortView.swift; sourceTree = "<group>"; };
		D42C1436208DDBD7006ED98C /* MySortProtocol.swift */ = {isa = PBXFileReference; fileEncoding = 4; lastKnownFileType = sourcecode.swift; path = MySortProtocol.swift; sourceTree = "<group>"; };
		D42F059F20889C4E005CEEE9 /* DetailOfFilm.swift */ = {isa = PBXFileReference; fileEncoding = 4; lastKnownFileType = sourcecode.swift; path = DetailOfFilm.swift; sourceTree = "<group>"; };
		D42F05A92088DC86005CEEE9 /* play.png */ = {isa = PBXFileReference; lastKnownFileType = image.png; path = play.png; sourceTree = "<group>"; };
		D42F05AD208918AF005CEEE9 /* MyTrailer.swift */ = {isa = PBXFileReference; fileEncoding = 4; lastKnownFileType = sourcecode.swift; path = MyTrailer.swift; sourceTree = "<group>"; };
		D43BDA5B2084C582003E2F9A /* video-player-7.png */ = {isa = PBXFileReference; lastKnownFileType = image.png; path = "video-player-7.png"; sourceTree = "<group>"; };
		D43BDA5D2084C5B5003E2F9A /* heart-7.png */ = {isa = PBXFileReference; lastKnownFileType = image.png; path = "heart-7.png"; sourceTree = "<group>"; };
		D43BDA5F2084C732003E2F9A /* film-clap-board.png */ = {isa = PBXFileReference; lastKnownFileType = image.png; path = "film-clap-board.png"; sourceTree = "<group>"; };
		D43BDA612084C78A003E2F9A /* love.png */ = {isa = PBXFileReference; lastKnownFileType = image.png; path = love.png; sourceTree = "<group>"; };
		D43D926F208551AC00C30D6D /* Home.swift */ = {isa = PBXFileReference; fileEncoding = 4; lastKnownFileType = sourcecode.swift; path = Home.swift; sourceTree = "<group>"; };
		D43D9271208551EA00C30D6D /* Favorite.swift */ = {isa = PBXFileReference; fileEncoding = 4; lastKnownFileType = sourcecode.swift; path = Favorite.swift; sourceTree = "<group>"; };
		D43D92732085541C00C30D6D /* FilmData.swift */ = {isa = PBXFileReference; fileEncoding = 4; lastKnownFileType = sourcecode.swift; path = FilmData.swift; sourceTree = "<group>"; };
		D43DE45320815F66000F86C9 /* MovieApp.app */ = {isa = PBXFileReference; explicitFileType = wrapper.application; includeInIndex = 0; path = MovieApp.app; sourceTree = BUILT_PRODUCTS_DIR; };
		D43DE45620815F66000F86C9 /* AppDelegate.swift */ = {isa = PBXFileReference; lastKnownFileType = sourcecode.swift; path = AppDelegate.swift; sourceTree = "<group>"; };
		D43DE45B20815F67000F86C9 /* Base */ = {isa = PBXFileReference; lastKnownFileType = file.storyboard; name = Base; path = Base.lproj/Main.storyboard; sourceTree = "<group>"; };
		D43DE45E20815F67000F86C9 /* MovieApp.xcdatamodel */ = {isa = PBXFileReference; lastKnownFileType = wrapper.xcdatamodel; path = MovieApp.xcdatamodel; sourceTree = "<group>"; };
		D43DE46020815F68000F86C9 /* Assets.xcassets */ = {isa = PBXFileReference; lastKnownFileType = folder.assetcatalog; path = Assets.xcassets; sourceTree = "<group>"; };
		D43DE46320815F68000F86C9 /* Base */ = {isa = PBXFileReference; lastKnownFileType = file.storyboard; name = Base; path = Base.lproj/LaunchScreen.storyboard; sourceTree = "<group>"; };
		D43DE46520815F69000F86C9 /* Info.plist */ = {isa = PBXFileReference; lastKnownFileType = text.plist.xml; path = Info.plist; sourceTree = "<group>"; };
		D43DE46A20815F69000F86C9 /* MovieAppTests.xctest */ = {isa = PBXFileReference; explicitFileType = wrapper.cfbundle; includeInIndex = 0; path = MovieAppTests.xctest; sourceTree = BUILT_PRODUCTS_DIR; };
		D43DE46E20815F69000F86C9 /* MovieAppTests.swift */ = {isa = PBXFileReference; lastKnownFileType = sourcecode.swift; path = MovieAppTests.swift; sourceTree = "<group>"; };
		D43DE47020815F6A000F86C9 /* Info.plist */ = {isa = PBXFileReference; lastKnownFileType = text.plist.xml; path = Info.plist; sourceTree = "<group>"; };
		D43DE47520815F6A000F86C9 /* MovieAppUITests.xctest */ = {isa = PBXFileReference; explicitFileType = wrapper.cfbundle; includeInIndex = 0; path = MovieAppUITests.xctest; sourceTree = BUILT_PRODUCTS_DIR; };
		D43DE47920815F6A000F86C9 /* MovieAppUITests.swift */ = {isa = PBXFileReference; lastKnownFileType = sourcecode.swift; path = MovieAppUITests.swift; sourceTree = "<group>"; };
		D43DE47B20815F6B000F86C9 /* Info.plist */ = {isa = PBXFileReference; lastKnownFileType = text.plist.xml; path = Info.plist; sourceTree = "<group>"; };
		D44FA3C42094AAE000972AB5 /* film.png */ = {isa = PBXFileReference; lastKnownFileType = image.png; path = film.png; sourceTree = "<group>"; };
		D44FA3C52094AAE000972AB5 /* Jamespeng-Movie-Schedule.ico */ = {isa = PBXFileReference; lastKnownFileType = image.ico; path = "Jamespeng-Movie-Schedule.ico"; sourceTree = "<group>"; };
		D44FA3CA2094B20000972AB5 /* TrailerTotal.swift */ = {isa = PBXFileReference; fileEncoding = 4; lastKnownFileType = sourcecode.swift; path = TrailerTotal.swift; sourceTree = "<group>"; };
		D44FA3CC2094BBB900972AB5 /* ReviewsTotal.swift */ = {isa = PBXFileReference; fileEncoding = 4; lastKnownFileType = sourcecode.swift; path = ReviewsTotal.swift; sourceTree = "<group>"; };
		D46CB4A32083FC6000D7E95F /* Alamofire.framework */ = {isa = PBXFileReference; lastKnownFileType = wrapper.framework; name = Alamofire.framework; path = "../../Library/Developer/Xcode/DerivedData/MovieApp-bwobrlmgxnockwdvibrbuexqdyam/Build/Products/Debug-iphonesimulator/Alamofire/Alamofire.framework"; sourceTree = "<group>"; };
		D46CB4A52083FC6700D7E95F /* SDWebImage.framework */ = {isa = PBXFileReference; lastKnownFileType = wrapper.framework; name = SDWebImage.framework; path = "../../Library/Developer/Xcode/DerivedData/MovieApp-bwobrlmgxnockwdvibrbuexqdyam/Build/Products/Debug-iphonesimulator/SDWebImage/SDWebImage.framework"; sourceTree = "<group>"; };
		D46CB4A72083FCF500D7E95F /* Foundation.framework */ = {isa = PBXFileReference; lastKnownFileType = wrapper.framework; name = Foundation.framework; path = System/Library/Frameworks/Foundation.framework; sourceTree = SDKROOT; };
		D46CB4A92083FD0700D7E95F /* ImageIO.framework */ = {isa = PBXFileReference; lastKnownFileType = wrapper.framework; name = ImageIO.framework; path = System/Library/Frameworks/ImageIO.framework; sourceTree = SDKROOT; };
		D46D135B208627E5008B6CE5 /* dot-more-7.png */ = {isa = PBXFileReference; lastKnownFileType = image.png; path = "dot-more-7.png"; sourceTree = "<group>"; };
		D46D13632086AF69008B6CE5 /* EmptyHeart.png */ = {isa = PBXFileReference; lastKnownFileType = image.png; path = EmptyHeart.png; sourceTree = "<group>"; };
		D46D13642086AF69008B6CE5 /* FillHeart.png */ = {isa = PBXFileReference; lastKnownFileType = image.png; path = FillHeart.png; sourceTree = "<group>"; };
		D49D71EC208B7AC4009EBBD7 /* myReview.swift */ = {isa = PBXFileReference; fileEncoding = 4; lastKnownFileType = sourcecode.swift; path = myReview.swift; sourceTree = "<group>"; };
/* End PBXFileReference section */

/* Begin PBXFrameworksBuildPhase section */
		D43DE45020815F65000F86C9 /* Frameworks */ = {
			isa = PBXFrameworksBuildPhase;
			buildActionMask = 2147483647;
			files = (
				D46CB4AA2083FD0700D7E95F /* ImageIO.framework in Frameworks */,
				D46CB4A82083FCF500D7E95F /* Foundation.framework in Frameworks */,
				D46CB4A62083FC6700D7E95F /* SDWebImage.framework in Frameworks */,
				D46CB4A42083FC6000D7E95F /* Alamofire.framework in Frameworks */,
				550B7D88D627E6DE2F755E9D /* Pods_MovieApp.framework in Frameworks */,
			);
			runOnlyForDeploymentPostprocessing = 0;
		};
		D43DE46720815F69000F86C9 /* Frameworks */ = {
			isa = PBXFrameworksBuildPhase;
			buildActionMask = 2147483647;
			files = (
			);
			runOnlyForDeploymentPostprocessing = 0;
		};
		D43DE47220815F6A000F86C9 /* Frameworks */ = {
			isa = PBXFrameworksBuildPhase;
			buildActionMask = 2147483647;
			files = (
			);
			runOnlyForDeploymentPostprocessing = 0;
		};
/* End PBXFrameworksBuildPhase section */

/* Begin PBXGroup section */
		10485289B5322D0705947679 /* Pods */ = {
			isa = PBXGroup;
			children = (
				8E1E3B95ABE2EA5B95A514D1 /* Pods-MovieApp.debug.xcconfig */,
				55C1810D1FF141D6D7EDCD01 /* Pods-MovieApp.release.xcconfig */,
			);
			name = Pods;
			sourceTree = "<group>";
		};
		94967A721B2AC0B3F791AF66 /* Frameworks */ = {
			isa = PBXGroup;
			children = (
				D46CB4A92083FD0700D7E95F /* ImageIO.framework */,
				D46CB4A72083FCF500D7E95F /* Foundation.framework */,
				D46CB4A52083FC6700D7E95F /* SDWebImage.framework */,
				D46CB4A32083FC6000D7E95F /* Alamofire.framework */,
				22C7E37CF91882AA63C94C82 /* Pods_MovieApp.framework */,
			);
			name = Frameworks;
			sourceTree = "<group>";
		};
		D43BDA542084B488003E2F9A /* Images */ = {
			isa = PBXGroup;
			children = (
				3D249263209772E800D0B7A7 /* filmReel.png */,
				D44FA3C42094AAE000972AB5 /* film.png */,
				D44FA3C52094AAE000972AB5 /* Jamespeng-Movie-Schedule.ico */,
				D42F05A92088DC86005CEEE9 /* play.png */,
				D46D13632086AF69008B6CE5 /* EmptyHeart.png */,
				D46D13642086AF69008B6CE5 /* FillHeart.png */,
				D46D135B208627E5008B6CE5 /* dot-more-7.png */,
				D43BDA612084C78A003E2F9A /* love.png */,
				D43BDA5F2084C732003E2F9A /* film-clap-board.png */,
				D43BDA5D2084C5B5003E2F9A /* heart-7.png */,
				D43BDA5B2084C582003E2F9A /* video-player-7.png */,
			);
			name = Images;
			sourceTree = "<group>";
		};
		D43DE44A20815F65000F86C9 = {
			isa = PBXGroup;
			children = (
				D43BDA542084B488003E2F9A /* Images */,
				D43DE45520815F66000F86C9 /* MovieApp */,
				D43DE46D20815F69000F86C9 /* MovieAppTests */,
				D43DE47820815F6A000F86C9 /* MovieAppUITests */,
				D43DE45420815F66000F86C9 /* Products */,
				10485289B5322D0705947679 /* Pods */,
				94967A721B2AC0B3F791AF66 /* Frameworks */,
			);
			sourceTree = "<group>";
			tabWidth = 4;
			usesTabs = 0;
			wrapsLines = 1;
		};
		D43DE45420815F66000F86C9 /* Products */ = {
			isa = PBXGroup;
			children = (
				D43DE45320815F66000F86C9 /* MovieApp.app */,
				D43DE46A20815F69000F86C9 /* MovieAppTests.xctest */,
				D43DE47520815F6A000F86C9 /* MovieAppUITests.xctest */,
			);
			name = Products;
			sourceTree = "<group>";
		};
		D43DE45520815F66000F86C9 /* MovieApp */ = {
			isa = PBXGroup;
			children = (
				D43DE45620815F66000F86C9 /* AppDelegate.swift */,
				D43DE45A20815F67000F86C9 /* Main.storyboard */,
				D43DE46020815F68000F86C9 /* Assets.xcassets */,
				D43DE46220815F68000F86C9 /* LaunchScreen.storyboard */,
				D43DE46520815F69000F86C9 /* Info.plist */,
				D43DE45D20815F67000F86C9 /* MovieApp.xcdatamodeld */,
				D43D926F208551AC00C30D6D /* Home.swift */,
				D43D9271208551EA00C30D6D /* Favorite.swift */,
				D43D92732085541C00C30D6D /* FilmData.swift */,
				D42F059F20889C4E005CEEE9 /* DetailOfFilm.swift */,
				D42F05AD208918AF005CEEE9 /* MyTrailer.swift */,
				D49D71EC208B7AC4009EBBD7 /* myReview.swift */,
				D42C1434208D43FF006ED98C /* mySortView.swift */,
				D42C1436208DDBD7006ED98C /* MySortProtocol.swift */,
				D44FA3CA2094B20000972AB5 /* TrailerTotal.swift */,
				D44FA3CC2094BBB900972AB5 /* ReviewsTotal.swift */,
				3D2492652097732C00D0B7A7 /* SplashScreenViewController.swift */,
			);
			path = MovieApp;
			sourceTree = "<group>";
		};
		D43DE46D20815F69000F86C9 /* MovieAppTests */ = {
			isa = PBXGroup;
			children = (
				D43DE46E20815F69000F86C9 /* MovieAppTests.swift */,
				D43DE47020815F6A000F86C9 /* Info.plist */,
			);
			path = MovieAppTests;
			sourceTree = "<group>";
		};
		D43DE47820815F6A000F86C9 /* MovieAppUITests */ = {
			isa = PBXGroup;
			children = (
				D43DE47920815F6A000F86C9 /* MovieAppUITests.swift */,
				D43DE47B20815F6B000F86C9 /* Info.plist */,
			);
			path = MovieAppUITests;
			sourceTree = "<group>";
		};
/* End PBXGroup section */

/* Begin PBXNativeTarget section */
		D43DE45220815F65000F86C9 /* MovieApp */ = {
			isa = PBXNativeTarget;
			buildConfigurationList = D43DE47E20815F6B000F86C9 /* Build configuration list for PBXNativeTarget "MovieApp" */;
			buildPhases = (
				46E63EC5E1678652D745F6C6 /* [CP] Check Pods Manifest.lock */,
				D43DE44F20815F65000F86C9 /* Sources */,
				D43DE45020815F65000F86C9 /* Frameworks */,
				D43DE45120815F65000F86C9 /* Resources */,
				BCC53E966872DAB5EC03158D /* [CP] Embed Pods Frameworks */,
			);
			buildRules = (
			);
			dependencies = (
			);
			name = MovieApp;
			productName = MovieApp;
			productReference = D43DE45320815F66000F86C9 /* MovieApp.app */;
			productType = "com.apple.product-type.application";
		};
		D43DE46920815F69000F86C9 /* MovieAppTests */ = {
			isa = PBXNativeTarget;
			buildConfigurationList = D43DE48120815F6B000F86C9 /* Build configuration list for PBXNativeTarget "MovieAppTests" */;
			buildPhases = (
				D43DE46620815F69000F86C9 /* Sources */,
				D43DE46720815F69000F86C9 /* Frameworks */,
				D43DE46820815F69000F86C9 /* Resources */,
			);
			buildRules = (
			);
			dependencies = (
				D43DE46C20815F69000F86C9 /* PBXTargetDependency */,
			);
			name = MovieAppTests;
			productName = MovieAppTests;
			productReference = D43DE46A20815F69000F86C9 /* MovieAppTests.xctest */;
			productType = "com.apple.product-type.bundle.unit-test";
		};
		D43DE47420815F6A000F86C9 /* MovieAppUITests */ = {
			isa = PBXNativeTarget;
			buildConfigurationList = D43DE48420815F6B000F86C9 /* Build configuration list for PBXNativeTarget "MovieAppUITests" */;
			buildPhases = (
				D43DE47120815F6A000F86C9 /* Sources */,
				D43DE47220815F6A000F86C9 /* Frameworks */,
				D43DE47320815F6A000F86C9 /* Resources */,
			);
			buildRules = (
			);
			dependencies = (
				D43DE47720815F6A000F86C9 /* PBXTargetDependency */,
			);
			name = MovieAppUITests;
			productName = MovieAppUITests;
			productReference = D43DE47520815F6A000F86C9 /* MovieAppUITests.xctest */;
			productType = "com.apple.product-type.bundle.ui-testing";
		};
/* End PBXNativeTarget section */

/* Begin PBXProject section */
		D43DE44B20815F65000F86C9 /* Project object */ = {
			isa = PBXProject;
			attributes = {
				LastSwiftUpdateCheck = 0820;
				LastUpgradeCheck = 0820;
				ORGANIZATIONNAME = MovieAppOrganization;
				TargetAttributes = {
					D43DE45220815F65000F86C9 = {
						CreatedOnToolsVersion = 8.2.1;
						ProvisioningStyle = Automatic;
					};
					D43DE46920815F69000F86C9 = {
						CreatedOnToolsVersion = 8.2.1;
						ProvisioningStyle = Automatic;
						TestTargetID = D43DE45220815F65000F86C9;
					};
					D43DE47420815F6A000F86C9 = {
						CreatedOnToolsVersion = 8.2.1;
						ProvisioningStyle = Automatic;
						TestTargetID = D43DE45220815F65000F86C9;
					};
				};
			};
			buildConfigurationList = D43DE44E20815F65000F86C9 /* Build configuration list for PBXProject "MovieApp" */;
			compatibilityVersion = "Xcode 3.2";
			developmentRegion = English;
			hasScannedForEncodings = 0;
			knownRegions = (
				en,
				Base,
			);
			mainGroup = D43DE44A20815F65000F86C9;
			productRefGroup = D43DE45420815F66000F86C9 /* Products */;
			projectDirPath = "";
			projectRoot = "";
			targets = (
				D43DE45220815F65000F86C9 /* MovieApp */,
				D43DE46920815F69000F86C9 /* MovieAppTests */,
				D43DE47420815F6A000F86C9 /* MovieAppUITests */,
			);
		};
/* End PBXProject section */

/* Begin PBXResourcesBuildPhase section */
		D43DE45120815F65000F86C9 /* Resources */ = {
			isa = PBXResourcesBuildPhase;
			buildActionMask = 2147483647;
			files = (
				D43DE46420815F68000F86C9 /* LaunchScreen.storyboard in Resources */,
				D43BDA5E2084C5B5003E2F9A /* heart-7.png in Resources */,
				D43BDA602084C732003E2F9A /* film-clap-board.png in Resources */,
				D44FA3C72094AAE000972AB5 /* Jamespeng-Movie-Schedule.ico in Resources */,
				D43DE46120815F68000F86C9 /* Assets.xcassets in Resources */,
				D46D135C208627E5008B6CE5 /* dot-more-7.png in Resources */,
				D46D13672086AF69008B6CE5 /* FillHeart.png in Resources */,
				D46D13662086AF69008B6CE5 /* EmptyHeart.png in Resources */,
				D42F05AA2088DC86005CEEE9 /* play.png in Resources */,
				D43BDA5C2084C582003E2F9A /* video-player-7.png in Resources */,
				D43BDA622084C78A003E2F9A /* love.png in Resources */,
				D43DE45C20815F67000F86C9 /* Main.storyboard in Resources */,
				D44FA3C62094AAE000972AB5 /* film.png in Resources */,
				3D249264209772E800D0B7A7 /* filmReel.png in Resources */,
			);
			runOnlyForDeploymentPostprocessing = 0;
		};
		D43DE46820815F69000F86C9 /* Resources */ = {
			isa = PBXResourcesBuildPhase;
			buildActionMask = 2147483647;
			files = (
			);
			runOnlyForDeploymentPostprocessing = 0;
		};
		D43DE47320815F6A000F86C9 /* Resources */ = {
			isa = PBXResourcesBuildPhase;
			buildActionMask = 2147483647;
			files = (
			);
			runOnlyForDeploymentPostprocessing = 0;
		};
/* End PBXResourcesBuildPhase section */

/* Begin PBXShellScriptBuildPhase section */
		46E63EC5E1678652D745F6C6 /* [CP] Check Pods Manifest.lock */ = {
			isa = PBXShellScriptBuildPhase;
			buildActionMask = 2147483647;
			files = (
			);
			inputPaths = (
				"${PODS_PODFILE_DIR_PATH}/Podfile.lock",
				"${PODS_ROOT}/Manifest.lock",
			);
			name = "[CP] Check Pods Manifest.lock";
			outputPaths = (
				"$(DERIVED_FILE_DIR)/Pods-MovieApp-checkManifestLockResult.txt",
			);
			runOnlyForDeploymentPostprocessing = 0;
			shellPath = /bin/sh;
			shellScript = "diff \"${PODS_PODFILE_DIR_PATH}/Podfile.lock\" \"${PODS_ROOT}/Manifest.lock\" > /dev/null\nif [ $? != 0 ] ; then\n    # print error to STDERR\n    echo \"error: The sandbox is not in sync with the Podfile.lock. Run 'pod install' or update your CocoaPods installation.\" >&2\n    exit 1\nfi\n# This output is used by Xcode 'outputs' to avoid re-running this script phase.\necho \"SUCCESS\" > \"${SCRIPT_OUTPUT_FILE_0}\"\n";
			showEnvVarsInLog = 0;
		};
		BCC53E966872DAB5EC03158D /* [CP] Embed Pods Frameworks */ = {
			isa = PBXShellScriptBuildPhase;
			buildActionMask = 2147483647;
			files = (
			);
			inputPaths = (
				"${SRCROOT}/Pods/Target Support Files/Pods-MovieApp/Pods-MovieApp-frameworks.sh",
				"${BUILT_PRODUCTS_DIR}/Alamofire/Alamofire.framework",
				"${BUILT_PRODUCTS_DIR}/SDWebImage/SDWebImage.framework",
			);
			name = "[CP] Embed Pods Frameworks";
			outputPaths = (
				"${TARGET_BUILD_DIR}/${FRAMEWORKS_FOLDER_PATH}/Alamofire.framework",
				"${TARGET_BUILD_DIR}/${FRAMEWORKS_FOLDER_PATH}/SDWebImage.framework",
			);
			runOnlyForDeploymentPostprocessing = 0;
			shellPath = /bin/sh;
			shellScript = "\"${SRCROOT}/Pods/Target Support Files/Pods-MovieApp/Pods-MovieApp-frameworks.sh\"\n";
			showEnvVarsInLog = 0;
		};
/* End PBXShellScriptBuildPhase section */

/* Begin PBXSourcesBuildPhase section */
		D43DE44F20815F65000F86C9 /* Sources */ = {
			isa = PBXSourcesBuildPhase;
			buildActionMask = 2147483647;
			files = (
				D43D9272208551EA00C30D6D /* Favorite.swift in Sources */,
				D43DE45720815F66000F86C9 /* AppDelegate.swift in Sources */,
				D43D9270208551AC00C30D6D /* Home.swift in Sources */,
				3D2492662097732C00D0B7A7 /* SplashScreenViewController.swift in Sources */,
				D44FA3CB2094B20000972AB5 /* TrailerTotal.swift in Sources */,
				D42F05AE208918AF005CEEE9 /* MyTrailer.swift in Sources */,
				D42F05A020889C4E005CEEE9 /* DetailOfFilm.swift in Sources */,
				D43DE45F20815F68000F86C9 /* MovieApp.xcdatamodeld in Sources */,
				D44FA3CD2094BBB900972AB5 /* ReviewsTotal.swift in Sources */,
				D43D92742085541C00C30D6D /* FilmData.swift in Sources */,
				D42C1435208D43FF006ED98C /* mySortView.swift in Sources */,
				D49D71ED208B7AC4009EBBD7 /* myReview.swift in Sources */,
				D42C1437208DDBD7006ED98C /* MySortProtocol.swift in Sources */,
			);
			runOnlyForDeploymentPostprocessing = 0;
		};
		D43DE46620815F69000F86C9 /* Sources */ = {
			isa = PBXSourcesBuildPhase;
			buildActionMask = 2147483647;
			files = (
				D43DE46F20815F69000F86C9 /* MovieAppTests.swift in Sources */,
			);
			runOnlyForDeploymentPostprocessing = 0;
		};
		D43DE47120815F6A000F86C9 /* Sources */ = {
			isa = PBXSourcesBuildPhase;
			buildActionMask = 2147483647;
			files = (
				D43DE47A20815F6A000F86C9 /* MovieAppUITests.swift in Sources */,
			);
			runOnlyForDeploymentPostprocessing = 0;
		};
/* End PBXSourcesBuildPhase section */

/* Begin PBXTargetDependency section */
		D43DE46C20815F69000F86C9 /* PBXTargetDependency */ = {
			isa = PBXTargetDependency;
			target = D43DE45220815F65000F86C9 /* MovieApp */;
			targetProxy = D43DE46B20815F69000F86C9 /* PBXContainerItemProxy */;
		};
		D43DE47720815F6A000F86C9 /* PBXTargetDependency */ = {
			isa = PBXTargetDependency;
			target = D43DE45220815F65000F86C9 /* MovieApp */;
			targetProxy = D43DE47620815F6A000F86C9 /* PBXContainerItemProxy */;
		};
/* End PBXTargetDependency section */

/* Begin PBXVariantGroup section */
		D43DE45A20815F67000F86C9 /* Main.storyboard */ = {
			isa = PBXVariantGroup;
			children = (
				D43DE45B20815F67000F86C9 /* Base */,
			);
			name = Main.storyboard;
			sourceTree = "<group>";
		};
		D43DE46220815F68000F86C9 /* LaunchScreen.storyboard */ = {
			isa = PBXVariantGroup;
			children = (
				D43DE46320815F68000F86C9 /* Base */,
			);
			name = LaunchScreen.storyboard;
			sourceTree = "<group>";
		};
/* End PBXVariantGroup section */

/* Begin XCBuildConfiguration section */
		D43DE47C20815F6B000F86C9 /* Debug */ = {
			isa = XCBuildConfiguration;
			buildSettings = {
				ALWAYS_SEARCH_USER_PATHS = NO;
				CLANG_ANALYZER_NONNULL = YES;
				CLANG_CXX_LANGUAGE_STANDARD = "gnu++0x";
				CLANG_CXX_LIBRARY = "libc++";
				CLANG_ENABLE_MODULES = YES;
				CLANG_ENABLE_OBJC_ARC = YES;
				CLANG_WARN_BOOL_CONVERSION = YES;
				CLANG_WARN_CONSTANT_CONVERSION = YES;
				CLANG_WARN_DIRECT_OBJC_ISA_USAGE = YES_ERROR;
				CLANG_WARN_DOCUMENTATION_COMMENTS = YES;
				CLANG_WARN_EMPTY_BODY = YES;
				CLANG_WARN_ENUM_CONVERSION = YES;
				CLANG_WARN_INFINITE_RECURSION = YES;
				CLANG_WARN_INT_CONVERSION = YES;
				CLANG_WARN_OBJC_ROOT_CLASS = YES_ERROR;
				CLANG_WARN_SUSPICIOUS_MOVE = YES;
				CLANG_WARN_UNREACHABLE_CODE = YES;
				CLANG_WARN__DUPLICATE_METHOD_MATCH = YES;
				"CODE_SIGN_IDENTITY[sdk=iphoneos*]" = "iPhone Developer";
				COPY_PHASE_STRIP = NO;
				DEBUG_INFORMATION_FORMAT = dwarf;
				ENABLE_STRICT_OBJC_MSGSEND = YES;
				ENABLE_TESTABILITY = YES;
				GCC_C_LANGUAGE_STANDARD = gnu99;
				GCC_DYNAMIC_NO_PIC = NO;
				GCC_NO_COMMON_BLOCKS = YES;
				GCC_OPTIMIZATION_LEVEL = 0;
				GCC_PREPROCESSOR_DEFINITIONS = (
					"DEBUG=1",
					"$(inherited)",
				);
				GCC_WARN_64_TO_32_BIT_CONVERSION = YES;
				GCC_WARN_ABOUT_RETURN_TYPE = YES_ERROR;
				GCC_WARN_UNDECLARED_SELECTOR = YES;
				GCC_WARN_UNINITIALIZED_AUTOS = YES_AGGRESSIVE;
				GCC_WARN_UNUSED_FUNCTION = YES;
				GCC_WARN_UNUSED_VARIABLE = YES;
				IPHONEOS_DEPLOYMENT_TARGET = 10.2;
				MTL_ENABLE_DEBUG_INFO = YES;
				ONLY_ACTIVE_ARCH = YES;
				SDKROOT = iphoneos;
				SWIFT_ACTIVE_COMPILATION_CONDITIONS = DEBUG;
				SWIFT_OPTIMIZATION_LEVEL = "-Onone";
				SWIFT_VERSION = 3.0;
			};
			name = Debug;
		};
		D43DE47D20815F6B000F86C9 /* Release */ = {
			isa = XCBuildConfiguration;
			buildSettings = {
				ALWAYS_SEARCH_USER_PATHS = NO;
				CLANG_ANALYZER_NONNULL = YES;
				CLANG_CXX_LANGUAGE_STANDARD = "gnu++0x";
				CLANG_CXX_LIBRARY = "libc++";
				CLANG_ENABLE_MODULES = YES;
				CLANG_ENABLE_OBJC_ARC = YES;
				CLANG_WARN_BOOL_CONVERSION = YES;
				CLANG_WARN_CONSTANT_CONVERSION = YES;
				CLANG_WARN_DIRECT_OBJC_ISA_USAGE = YES_ERROR;
				CLANG_WARN_DOCUMENTATION_COMMENTS = YES;
				CLANG_WARN_EMPTY_BODY = YES;
				CLANG_WARN_ENUM_CONVERSION = YES;
				CLANG_WARN_INFINITE_RECURSION = YES;
				CLANG_WARN_INT_CONVERSION = YES;
				CLANG_WARN_OBJC_ROOT_CLASS = YES_ERROR;
				CLANG_WARN_SUSPICIOUS_MOVE = YES;
				CLANG_WARN_UNREACHABLE_CODE = YES;
				CLANG_WARN__DUPLICATE_METHOD_MATCH = YES;
				"CODE_SIGN_IDENTITY[sdk=iphoneos*]" = "iPhone Developer";
				COPY_PHASE_STRIP = NO;
				DEBUG_INFORMATION_FORMAT = "dwarf-with-dsym";
				ENABLE_NS_ASSERTIONS = NO;
				ENABLE_STRICT_OBJC_MSGSEND = YES;
				GCC_C_LANGUAGE_STANDARD = gnu99;
				GCC_NO_COMMON_BLOCKS = YES;
				GCC_WARN_64_TO_32_BIT_CONVERSION = YES;
				GCC_WARN_ABOUT_RETURN_TYPE = YES_ERROR;
				GCC_WARN_UNDECLARED_SELECTOR = YES;
				GCC_WARN_UNINITIALIZED_AUTOS = YES_AGGRESSIVE;
				GCC_WARN_UNUSED_FUNCTION = YES;
				GCC_WARN_UNUSED_VARIABLE = YES;
				IPHONEOS_DEPLOYMENT_TARGET = 10.2;
				MTL_ENABLE_DEBUG_INFO = NO;
				SDKROOT = iphoneos;
				SWIFT_OPTIMIZATION_LEVEL = "-Owholemodule";
				SWIFT_VERSION = 3.0;
				VALIDATE_PRODUCT = YES;
			};
			name = Release;
		};
		D43DE47F20815F6B000F86C9 /* Debug */ = {
			isa = XCBuildConfiguration;
			baseConfigurationReference = 8E1E3B95ABE2EA5B95A514D1 /* Pods-MovieApp.debug.xcconfig */;
			buildSettings = {
				ASSETCATALOG_COMPILER_APPICON_NAME = AppIcon;
				INFOPLIST_FILE = MovieApp/Info.plist;
				IPHONEOS_DEPLOYMENT_TARGET = 10.2;
				LD_RUNPATH_SEARCH_PATHS = "$(inherited) @executable_path/Frameworks";
				PRODUCT_BUNDLE_IDENTIFIER = MA.MovieApp;
				PRODUCT_NAME = "$(TARGET_NAME)";
				SDKROOT = iphoneos;
				SWIFT_VERSION = 3.0;
			};
			name = Debug;
		};
		D43DE48020815F6B000F86C9 /* Release */ = {
			isa = XCBuildConfiguration;
			baseConfigurationReference = 55C1810D1FF141D6D7EDCD01 /* Pods-MovieApp.release.xcconfig */;
			buildSettings = {
				ASSETCATALOG_COMPILER_APPICON_NAME = AppIcon;
				INFOPLIST_FILE = MovieApp/Info.plist;
				IPHONEOS_DEPLOYMENT_TARGET = 10.2;
				LD_RUNPATH_SEARCH_PATHS = "$(inherited) @executable_path/Frameworks";
				PRODUCT_BUNDLE_IDENTIFIER = MA.MovieApp;
				PRODUCT_NAME = "$(TARGET_NAME)";
				SDKROOT = iphoneos;
				SWIFT_VERSION = 3.0;
			};
			name = Release;
		};
		D43DE48220815F6B000F86C9 /* Debug */ = {
			isa = XCBuildConfiguration;
			buildSettings = {
				ALWAYS_EMBED_SWIFT_STANDARD_LIBRARIES = YES;
				BUNDLE_LOADER = "$(TEST_HOST)";
				INFOPLIST_FILE = MovieAppTests/Info.plist;
				LD_RUNPATH_SEARCH_PATHS = "$(inherited) @executable_path/Frameworks @loader_path/Frameworks";
				PRODUCT_BUNDLE_IDENTIFIER = MA.MovieAppTests;
				PRODUCT_NAME = "$(TARGET_NAME)";
				SWIFT_VERSION = 3.0;
				TEST_HOST = "$(BUILT_PRODUCTS_DIR)/MovieApp.app/MovieApp";
			};
			name = Debug;
		};
		D43DE48320815F6B000F86C9 /* Release */ = {
			isa = XCBuildConfiguration;
			buildSettings = {
				ALWAYS_EMBED_SWIFT_STANDARD_LIBRARIES = YES;
				BUNDLE_LOADER = "$(TEST_HOST)";
				INFOPLIST_FILE = MovieAppTests/Info.plist;
				LD_RUNPATH_SEARCH_PATHS = "$(inherited) @executable_path/Frameworks @loader_path/Frameworks";
				PRODUCT_BUNDLE_IDENTIFIER = MA.MovieAppTests;
				PRODUCT_NAME = "$(TARGET_NAME)";
				SWIFT_VERSION = 3.0;
				TEST_HOST = "$(BUILT_PRODUCTS_DIR)/MovieApp.app/MovieApp";
			};
			name = Release;
		};
		D43DE48520815F6B000F86C9 /* Debug */ = {
			isa = XCBuildConfiguration;
			buildSettings = {
				ALWAYS_EMBED_SWIFT_STANDARD_LIBRARIES = YES;
				INFOPLIST_FILE = MovieAppUITests/Info.plist;
				LD_RUNPATH_SEARCH_PATHS = "$(inherited) @executable_path/Frameworks @loader_path/Frameworks";
				PRODUCT_BUNDLE_IDENTIFIER = MA.MovieAppUITests;
				PRODUCT_NAME = "$(TARGET_NAME)";
				SWIFT_VERSION = 3.0;
				TEST_TARGET_NAME = MovieApp;
			};
			name = Debug;
		};
		D43DE48620815F6B000F86C9 /* Release */ = {
			isa = XCBuildConfiguration;
			buildSettings = {
				ALWAYS_EMBED_SWIFT_STANDARD_LIBRARIES = YES;
				INFOPLIST_FILE = MovieAppUITests/Info.plist;
				LD_RUNPATH_SEARCH_PATHS = "$(inherited) @executable_path/Frameworks @loader_path/Frameworks";
				PRODUCT_BUNDLE_IDENTIFIER = MA.MovieAppUITests;
				PRODUCT_NAME = "$(TARGET_NAME)";
				SWIFT_VERSION = 3.0;
				TEST_TARGET_NAME = MovieApp;
			};
			name = Release;
		};
/* End XCBuildConfiguration section */

/* Begin XCConfigurationList section */
		D43DE44E20815F65000F86C9 /* Build configuration list for PBXProject "MovieApp" */ = {
			isa = XCConfigurationList;
			buildConfigurations = (
				D43DE47C20815F6B000F86C9 /* Debug */,
				D43DE47D20815F6B000F86C9 /* Release */,
			);
			defaultConfigurationIsVisible = 0;
			defaultConfigurationName = Release;
		};
		D43DE47E20815F6B000F86C9 /* Build configuration list for PBXNativeTarget "MovieApp" */ = {
			isa = XCConfigurationList;
			buildConfigurations = (
				D43DE47F20815F6B000F86C9 /* Debug */,
				D43DE48020815F6B000F86C9 /* Release */,
			);
			defaultConfigurationIsVisible = 0;
			defaultConfigurationName = Release;
		};
		D43DE48120815F6B000F86C9 /* Build configuration list for PBXNativeTarget "MovieAppTests" */ = {
			isa = XCConfigurationList;
			buildConfigurations = (
				D43DE48220815F6B000F86C9 /* Debug */,
				D43DE48320815F6B000F86C9 /* Release */,
			);
			defaultConfigurationIsVisible = 0;
			defaultConfigurationName = Release;
		};
		D43DE48420815F6B000F86C9 /* Build configuration list for PBXNativeTarget "MovieAppUITests" */ = {
			isa = XCConfigurationList;
			buildConfigurations = (
				D43DE48520815F6B000F86C9 /* Debug */,
				D43DE48620815F6B000F86C9 /* Release */,
			);
			defaultConfigurationIsVisible = 0;
			defaultConfigurationName = Release;
		};
/* End XCConfigurationList section */

/* Begin XCVersionGroup section */
		D43DE45D20815F67000F86C9 /* MovieApp.xcdatamodeld */ = {
			isa = XCVersionGroup;
			children = (
				D43DE45E20815F67000F86C9 /* MovieApp.xcdatamodel */,
			);
			currentVersion = D43DE45E20815F67000F86C9 /* MovieApp.xcdatamodel */;
			path = MovieApp.xcdatamodeld;
			sourceTree = "<group>";
			versionGroupType = wrapper.xcdatamodel;
		};
/* End XCVersionGroup section */
	};
	rootObject = D43DE44B20815F65000F86C9 /* Project object */;
}
